// !$*UTF8*$!
{
	archiveVersion = 1;
	classes = {
	};
	objectVersion = 51;
	objects = {

/* Begin PBXBuildFile section */
		0706463B25E58CF00054CE67 /* CoinCellMainController.swift in Sources */ = {isa = PBXBuildFile; fileRef = 0706463A25E58CF00054CE67 /* CoinCellMainController.swift */; };
		07103E8B25E837E20092E36D /* ActivityRow.swift in Sources */ = {isa = PBXBuildFile; fileRef = 07103E8A25E837E20092E36D /* ActivityRow.swift */; };
		390DAF3A25B707810056BFD5 /* AppDelegate.swift in Sources */ = {isa = PBXBuildFile; fileRef = 390DAF3925B707810056BFD5 /* AppDelegate.swift */; };
		390DAF3C25B707810056BFD5 /* SceneDelegate.swift in Sources */ = {isa = PBXBuildFile; fileRef = 390DAF3B25B707810056BFD5 /* SceneDelegate.swift */; };
		390DAF3E25B707810056BFD5 /* LogInController.swift in Sources */ = {isa = PBXBuildFile; fileRef = 390DAF3D25B707810056BFD5 /* LogInController.swift */; };
		390DAF4125B707810056BFD5 /* Main.storyboard in Resources */ = {isa = PBXBuildFile; fileRef = 390DAF3F25B707810056BFD5 /* Main.storyboard */; };
		390DAF4325B707850056BFD5 /* Assets.xcassets in Resources */ = {isa = PBXBuildFile; fileRef = 390DAF4225B707850056BFD5 /* Assets.xcassets */; };
		390DAF4625B707850056BFD5 /* LaunchScreen.storyboard in Resources */ = {isa = PBXBuildFile; fileRef = 390DAF4425B707850056BFD5 /* LaunchScreen.storyboard */; };
		390DAF6A25B70BAD0056BFD5 /* UnderlinedTextField.swift in Sources */ = {isa = PBXBuildFile; fileRef = 390DAF6925B70BAD0056BFD5 /* UnderlinedTextField.swift */; };
		390DAF7025B724720056BFD5 /* SignUpController.swift in Sources */ = {isa = PBXBuildFile; fileRef = 390DAF6F25B724720056BFD5 /* SignUpController.swift */; };
		3910BF0D25F158C5005D0C08 /* LineChart.swift in Sources */ = {isa = PBXBuildFile; fileRef = 3910BF0C25F158C5005D0C08 /* LineChart.swift */; };
		3949CEEE25ED813B00961DFA /* OtherUserCell.swift in Sources */ = {isa = PBXBuildFile; fileRef = 3949CEED25ED813B00961DFA /* OtherUserCell.swift */; };
		3966792025B7606500334585 /* CompleteViewController.swift in Sources */ = {isa = PBXBuildFile; fileRef = 3966791F25B7606500334585 /* CompleteViewController.swift */; };
		531657EC25B7970B0040417F /* User.swift in Sources */ = {isa = PBXBuildFile; fileRef = 531657EB25B7970B0040417F /* User.swift */; };
		531657EE25B7972D0040417F /* Trade.swift in Sources */ = {isa = PBXBuildFile; fileRef = 531657ED25B7972D0040417F /* Trade.swift */; };
		531657F025B7973F0040417F /* Coin.swift in Sources */ = {isa = PBXBuildFile; fileRef = 531657EF25B7973F0040417F /* Coin.swift */; };
		531657F225B797510040417F /* Wallet.swift in Sources */ = {isa = PBXBuildFile; fileRef = 531657F125B797510040417F /* Wallet.swift */; };
		531657F425B7975A0040417F /* Score.swift in Sources */ = {isa = PBXBuildFile; fileRef = 531657F325B7975A0040417F /* Score.swift */; };
		5335BF5925F0368400E92F49 /* ViewControllerExtension.swift in Sources */ = {isa = PBXBuildFile; fileRef = 5335BF5825F0368400E92F49 /* ViewControllerExtension.swift */; };
		5393E88925B8E94700C647FD /* Service.swift in Sources */ = {isa = PBXBuildFile; fileRef = 5393E88825B8E94700C647FD /* Service.swift */; };
		5393E88B25B8EA8A00C647FD /* Endpoints.swift in Sources */ = {isa = PBXBuildFile; fileRef = 5393E88A25B8EA8A00C647FD /* Endpoints.swift */; };
		53C6C6B225EC04DD00393C7A /* ApiBodyNames.swift in Sources */ = {isa = PBXBuildFile; fileRef = 53C6C6B125EC04DD00393C7A /* ApiBodyNames.swift */; };
		53C6C6B425EC08CD00393C7A /* FieldsController.swift in Sources */ = {isa = PBXBuildFile; fileRef = 53C6C6B325EC08CD00393C7A /* FieldsController.swift */; };
		53C6C6B825EC091B00393C7A /* FieldValidations.swift in Sources */ = {isa = PBXBuildFile; fileRef = 53C6C6B525EC091B00393C7A /* FieldValidations.swift */; };
		53C6C6B925EC091B00393C7A /* StringExtension.swift in Sources */ = {isa = PBXBuildFile; fileRef = 53C6C6B625EC091B00393C7A /* StringExtension.swift */; };
		53C6C6BA25EC091B00393C7A /* UITextFieldExtension.swift in Sources */ = {isa = PBXBuildFile; fileRef = 53C6C6B725EC091B00393C7A /* UITextFieldExtension.swift */; };
		53C6C6BC25EC0BB100393C7A /* Identifiers.swift in Sources */ = {isa = PBXBuildFile; fileRef = 53C6C6BB25EC0BB100393C7A /* Identifiers.swift */; };
		53C6C6BE25EC0D0300393C7A /* StatusCodes.swift in Sources */ = {isa = PBXBuildFile; fileRef = 53C6C6BD25EC0D0300393C7A /* StatusCodes.swift */; };
		53C6C6C025EC0DF900393C7A /* UserMessages.swift in Sources */ = {isa = PBXBuildFile; fileRef = 53C6C6BF25EC0DF900393C7A /* UserMessages.swift */; };
		53E9E27325BA071D00B78B17 /* MainController.swift in Sources */ = {isa = PBXBuildFile; fileRef = 53E9E27225BA071D00B78B17 /* MainController.swift */; };
		53F194C625ED95200096055F /* Images.swift in Sources */ = {isa = PBXBuildFile; fileRef = 53F194C525ED95200096055F /* Images.swift */; };
		53F194C825EEB3450096055F /* TradeHistory.swift in Sources */ = {isa = PBXBuildFile; fileRef = 53F194C725EEB3450096055F /* TradeHistory.swift */; };
		53F194CA25EF02B60096055F /* Welcoming.swift in Sources */ = {isa = PBXBuildFile; fileRef = 53F194C925EF02B60096055F /* Welcoming.swift */; };
		7F3C1BEA25EE7991000C3B21 /* CoinsQuantities.swift in Sources */ = {isa = PBXBuildFile; fileRef = 7F3C1BE925EE7991000C3B21 /* CoinsQuantities.swift */; };
		7F61A29925C19610008AAD2F /* MainScreenControllerExtension.swift in Sources */ = {isa = PBXBuildFile; fileRef = 7F61A29825C19610008AAD2F /* MainScreenControllerExtension.swift */; };
		7F7411CD25BB08EF009D8D6C /* Keys.swift in Sources */ = {isa = PBXBuildFile; fileRef = 7F7411CC25BB08EF009D8D6C /* Keys.swift */; };
		7F92F55C25E7C7A80095E15A /* UserPrueba.swift in Sources */ = {isa = PBXBuildFile; fileRef = 7F92F55B25E7C7A80095E15A /* UserPrueba.swift */; };
		7F92F55E25E7CA1B0095E15A /* UserCellMainController.swift in Sources */ = {isa = PBXBuildFile; fileRef = 7F92F55D25E7CA1B0095E15A /* UserCellMainController.swift */; };
		7F944AA925B9AF3D00A9854E /* MainScreenController.swift in Sources */ = {isa = PBXBuildFile; fileRef = 7F944AA825B9AF3D00A9854E /* MainScreenController.swift */; };
		7F987F9725C8261900BCD586 /* PieChart.swift in Sources */ = {isa = PBXBuildFile; fileRef = 7F987F9625C8261900BCD586 /* PieChart.swift */; };
		7F9A930425D15DBB0083F71D /* WalletViewController.swift in Sources */ = {isa = PBXBuildFile; fileRef = 7F9A930325D15DBB0083F71D /* WalletViewController.swift */; };
		7F9B021D25EFAF9500AB91F0 /* TradesRow.swift in Sources */ = {isa = PBXBuildFile; fileRef = 7F9B021C25EFAF9500AB91F0 /* TradesRow.swift */; };
		7F9B021F25EFC89000AB91F0 /* TradeScreenTableViewExtension.swift in Sources */ = {isa = PBXBuildFile; fileRef = 7F9B021E25EFC89000AB91F0 /* TradeScreenTableViewExtension.swift */; };
		9310125BB7AF5E5751DA0CAB /* Pods_CryptoniteCev.framework in Frameworks */ = {isa = PBXBuildFile; fileRef = 8EA570CCE42FD0970A1367C3 /* Pods_CryptoniteCev.framework */; };
		F815E22625C233EF00D65B6A /* CoinCell.swift in Sources */ = {isa = PBXBuildFile; fileRef = F815E22525C233EF00D65B6A /* CoinCell.swift */; };
		F8C139C525B9E27C008F92B6 /* CircleCell.swift in Sources */ = {isa = PBXBuildFile; fileRef = F8C139C425B9E27C008F92B6 /* CircleCell.swift */; };
		F8CCB74425F013DD00F50F7F /* CoinRowWalletController.swift in Sources */ = {isa = PBXBuildFile; fileRef = F8CCB74325F013DD00F50F7F /* CoinRowWalletController.swift */; };
		F8D0847225BDFE7900287C60 /* StoriesController.swift in Sources */ = {isa = PBXBuildFile; fileRef = F8D0847125BDFE7900287C60 /* StoriesController.swift */; };
		F8FE716C25EDAA5D0071053D /* TradingController.swift in Sources */ = {isa = PBXBuildFile; fileRef = F8FE716B25EDAA5D0071053D /* TradingController.swift */; };
/* End PBXBuildFile section */

/* Begin PBXContainerItemProxy section */
		390DAF4D25B707850056BFD5 /* PBXContainerItemProxy */ = {
			isa = PBXContainerItemProxy;
			containerPortal = 390DAF2E25B707810056BFD5 /* Project object */;
			proxyType = 1;
			remoteGlobalIDString = 390DAF3525B707810056BFD5;
			remoteInfo = CryptoniteCev;
		};
		390DAF5825B707850056BFD5 /* PBXContainerItemProxy */ = {
			isa = PBXContainerItemProxy;
			containerPortal = 390DAF2E25B707810056BFD5 /* Project object */;
			proxyType = 1;
			remoteGlobalIDString = 390DAF3525B707810056BFD5;
			remoteInfo = CryptoniteCev;
		};
/* End PBXContainerItemProxy section */

/* Begin PBXFileReference section */
		0706463A25E58CF00054CE67 /* CoinCellMainController.swift */ = {isa = PBXFileReference; lastKnownFileType = sourcecode.swift; path = CoinCellMainController.swift; sourceTree = "<group>"; };
		07103E8A25E837E20092E36D /* ActivityRow.swift */ = {isa = PBXFileReference; lastKnownFileType = sourcecode.swift; path = ActivityRow.swift; sourceTree = "<group>"; };
		0828DEB589E277D14A826CA9 /* Pods-CryptoniteCev.release.xcconfig */ = {isa = PBXFileReference; includeInIndex = 1; lastKnownFileType = text.xcconfig; name = "Pods-CryptoniteCev.release.xcconfig"; path = "Target Support Files/Pods-CryptoniteCev/Pods-CryptoniteCev.release.xcconfig"; sourceTree = "<group>"; };
		2C093780580469B7052A4061 /* Pods-CryptoniteCev.debug.xcconfig */ = {isa = PBXFileReference; includeInIndex = 1; lastKnownFileType = text.xcconfig; name = "Pods-CryptoniteCev.debug.xcconfig"; path = "Target Support Files/Pods-CryptoniteCev/Pods-CryptoniteCev.debug.xcconfig"; sourceTree = "<group>"; };
		390DAF3625B707810056BFD5 /* CryptoniteCev.app */ = {isa = PBXFileReference; explicitFileType = wrapper.application; includeInIndex = 0; path = CryptoniteCev.app; sourceTree = BUILT_PRODUCTS_DIR; };
		390DAF3925B707810056BFD5 /* AppDelegate.swift */ = {isa = PBXFileReference; lastKnownFileType = sourcecode.swift; path = AppDelegate.swift; sourceTree = "<group>"; };
		390DAF3B25B707810056BFD5 /* SceneDelegate.swift */ = {isa = PBXFileReference; lastKnownFileType = sourcecode.swift; path = SceneDelegate.swift; sourceTree = "<group>"; };
		390DAF3D25B707810056BFD5 /* LogInController.swift */ = {isa = PBXFileReference; lastKnownFileType = sourcecode.swift; path = LogInController.swift; sourceTree = "<group>"; };
		390DAF4025B707810056BFD5 /* Base */ = {isa = PBXFileReference; lastKnownFileType = file.storyboard; name = Base; path = Base.lproj/Main.storyboard; sourceTree = "<group>"; };
		390DAF4225B707850056BFD5 /* Assets.xcassets */ = {isa = PBXFileReference; lastKnownFileType = folder.assetcatalog; path = Assets.xcassets; sourceTree = "<group>"; };
		390DAF4525B707850056BFD5 /* Base */ = {isa = PBXFileReference; lastKnownFileType = file.storyboard; name = Base; path = Base.lproj/LaunchScreen.storyboard; sourceTree = "<group>"; };
		390DAF4725B707850056BFD5 /* Info.plist */ = {isa = PBXFileReference; lastKnownFileType = text.plist.xml; path = Info.plist; sourceTree = "<group>"; };
		390DAF4C25B707850056BFD5 /* CryptoniteCevTests.xctest */ = {isa = PBXFileReference; explicitFileType = wrapper.cfbundle; includeInIndex = 0; path = CryptoniteCevTests.xctest; sourceTree = BUILT_PRODUCTS_DIR; };
		390DAF5725B707850056BFD5 /* CryptoniteCevUITests.xctest */ = {isa = PBXFileReference; explicitFileType = wrapper.cfbundle; includeInIndex = 0; path = CryptoniteCevUITests.xctest; sourceTree = BUILT_PRODUCTS_DIR; };
		390DAF6925B70BAD0056BFD5 /* UnderlinedTextField.swift */ = {isa = PBXFileReference; lastKnownFileType = sourcecode.swift; path = UnderlinedTextField.swift; sourceTree = "<group>"; };
		390DAF6F25B724720056BFD5 /* SignUpController.swift */ = {isa = PBXFileReference; lastKnownFileType = sourcecode.swift; path = SignUpController.swift; sourceTree = "<group>"; };
		3910BF0C25F158C5005D0C08 /* LineChart.swift */ = {isa = PBXFileReference; lastKnownFileType = sourcecode.swift; path = LineChart.swift; sourceTree = "<group>"; };
		3949CEED25ED813B00961DFA /* OtherUserCell.swift */ = {isa = PBXFileReference; lastKnownFileType = sourcecode.swift; path = OtherUserCell.swift; sourceTree = "<group>"; };
		3966791F25B7606500334585 /* CompleteViewController.swift */ = {isa = PBXFileReference; lastKnownFileType = sourcecode.swift; path = CompleteViewController.swift; sourceTree = "<group>"; };
		531657EB25B7970B0040417F /* User.swift */ = {isa = PBXFileReference; fileEncoding = 4; lastKnownFileType = sourcecode.swift; path = User.swift; sourceTree = "<group>"; };
		531657ED25B7972D0040417F /* Trade.swift */ = {isa = PBXFileReference; fileEncoding = 4; lastKnownFileType = sourcecode.swift; path = Trade.swift; sourceTree = "<group>"; };
		531657EF25B7973F0040417F /* Coin.swift */ = {isa = PBXFileReference; fileEncoding = 4; lastKnownFileType = sourcecode.swift; path = Coin.swift; sourceTree = "<group>"; };
		531657F125B797510040417F /* Wallet.swift */ = {isa = PBXFileReference; fileEncoding = 4; lastKnownFileType = sourcecode.swift; path = Wallet.swift; sourceTree = "<group>"; };
		531657F325B7975A0040417F /* Score.swift */ = {isa = PBXFileReference; fileEncoding = 4; lastKnownFileType = sourcecode.swift; path = Score.swift; sourceTree = "<group>"; };
		5335BF5825F0368400E92F49 /* ViewControllerExtension.swift */ = {isa = PBXFileReference; lastKnownFileType = sourcecode.swift; path = ViewControllerExtension.swift; sourceTree = "<group>"; };
		5393E88825B8E94700C647FD /* Service.swift */ = {isa = PBXFileReference; lastKnownFileType = sourcecode.swift; path = Service.swift; sourceTree = "<group>"; };
		5393E88A25B8EA8A00C647FD /* Endpoints.swift */ = {isa = PBXFileReference; lastKnownFileType = sourcecode.swift; path = Endpoints.swift; sourceTree = "<group>"; };
		53C6C6B125EC04DD00393C7A /* ApiBodyNames.swift */ = {isa = PBXFileReference; lastKnownFileType = sourcecode.swift; path = ApiBodyNames.swift; sourceTree = "<group>"; };
		53C6C6B325EC08CD00393C7A /* FieldsController.swift */ = {isa = PBXFileReference; fileEncoding = 4; lastKnownFileType = sourcecode.swift; path = FieldsController.swift; sourceTree = "<group>"; };
		53C6C6B525EC091B00393C7A /* FieldValidations.swift */ = {isa = PBXFileReference; fileEncoding = 4; lastKnownFileType = sourcecode.swift; path = FieldValidations.swift; sourceTree = "<group>"; };
		53C6C6B625EC091B00393C7A /* StringExtension.swift */ = {isa = PBXFileReference; fileEncoding = 4; lastKnownFileType = sourcecode.swift; path = StringExtension.swift; sourceTree = "<group>"; };
		53C6C6B725EC091B00393C7A /* UITextFieldExtension.swift */ = {isa = PBXFileReference; fileEncoding = 4; lastKnownFileType = sourcecode.swift; path = UITextFieldExtension.swift; sourceTree = "<group>"; };
		53C6C6BB25EC0BB100393C7A /* Identifiers.swift */ = {isa = PBXFileReference; fileEncoding = 4; lastKnownFileType = sourcecode.swift; path = Identifiers.swift; sourceTree = "<group>"; };
		53C6C6BD25EC0D0300393C7A /* StatusCodes.swift */ = {isa = PBXFileReference; fileEncoding = 4; lastKnownFileType = sourcecode.swift; path = StatusCodes.swift; sourceTree = "<group>"; };
		53C6C6BF25EC0DF900393C7A /* UserMessages.swift */ = {isa = PBXFileReference; fileEncoding = 4; lastKnownFileType = sourcecode.swift; path = UserMessages.swift; sourceTree = "<group>"; };
		53E9E27225BA071D00B78B17 /* MainController.swift */ = {isa = PBXFileReference; lastKnownFileType = sourcecode.swift; path = MainController.swift; sourceTree = "<group>"; };
		53F194C525ED95200096055F /* Images.swift */ = {isa = PBXFileReference; fileEncoding = 4; lastKnownFileType = sourcecode.swift; path = Images.swift; sourceTree = "<group>"; };
		53F194C725EEB3450096055F /* TradeHistory.swift */ = {isa = PBXFileReference; lastKnownFileType = sourcecode.swift; path = TradeHistory.swift; sourceTree = "<group>"; };
		53F194C925EF02B60096055F /* Welcoming.swift */ = {isa = PBXFileReference; lastKnownFileType = sourcecode.swift; path = Welcoming.swift; sourceTree = "<group>"; };
		7F3C1BE925EE7991000C3B21 /* CoinsQuantities.swift */ = {isa = PBXFileReference; lastKnownFileType = sourcecode.swift; path = CoinsQuantities.swift; sourceTree = "<group>"; };
		7F61A29825C19610008AAD2F /* MainScreenControllerExtension.swift */ = {isa = PBXFileReference; lastKnownFileType = sourcecode.swift; path = MainScreenControllerExtension.swift; sourceTree = "<group>"; };
		7F7411CC25BB08EF009D8D6C /* Keys.swift */ = {isa = PBXFileReference; lastKnownFileType = sourcecode.swift; path = Keys.swift; sourceTree = "<group>"; };
		7F92F55B25E7C7A80095E15A /* UserPrueba.swift */ = {isa = PBXFileReference; lastKnownFileType = sourcecode.swift; path = UserPrueba.swift; sourceTree = "<group>"; };
		7F92F55D25E7CA1B0095E15A /* UserCellMainController.swift */ = {isa = PBXFileReference; lastKnownFileType = sourcecode.swift; path = UserCellMainController.swift; sourceTree = "<group>"; };
		7F944AA825B9AF3D00A9854E /* MainScreenController.swift */ = {isa = PBXFileReference; lastKnownFileType = sourcecode.swift; path = MainScreenController.swift; sourceTree = "<group>"; };
		7F987F9625C8261900BCD586 /* PieChart.swift */ = {isa = PBXFileReference; lastKnownFileType = sourcecode.swift; path = PieChart.swift; sourceTree = "<group>"; };
		7F9A930325D15DBB0083F71D /* WalletViewController.swift */ = {isa = PBXFileReference; lastKnownFileType = sourcecode.swift; path = WalletViewController.swift; sourceTree = "<group>"; };
		7F9B021C25EFAF9500AB91F0 /* TradesRow.swift */ = {isa = PBXFileReference; lastKnownFileType = sourcecode.swift; path = TradesRow.swift; sourceTree = "<group>"; };
		7F9B021E25EFC89000AB91F0 /* TradeScreenTableViewExtension.swift */ = {isa = PBXFileReference; lastKnownFileType = sourcecode.swift; path = TradeScreenTableViewExtension.swift; sourceTree = "<group>"; };
		8EA570CCE42FD0970A1367C3 /* Pods_CryptoniteCev.framework */ = {isa = PBXFileReference; explicitFileType = wrapper.framework; includeInIndex = 0; path = Pods_CryptoniteCev.framework; sourceTree = BUILT_PRODUCTS_DIR; };
		F815E22525C233EF00D65B6A /* CoinCell.swift */ = {isa = PBXFileReference; lastKnownFileType = sourcecode.swift; path = CoinCell.swift; sourceTree = "<group>"; };
		F8C139C425B9E27C008F92B6 /* CircleCell.swift */ = {isa = PBXFileReference; lastKnownFileType = sourcecode.swift; path = CircleCell.swift; sourceTree = "<group>"; };
		F8CCB74325F013DD00F50F7F /* CoinRowWalletController.swift */ = {isa = PBXFileReference; lastKnownFileType = sourcecode.swift; path = CoinRowWalletController.swift; sourceTree = "<group>"; };
		F8D0847125BDFE7900287C60 /* StoriesController.swift */ = {isa = PBXFileReference; lastKnownFileType = sourcecode.swift; path = StoriesController.swift; sourceTree = "<group>"; };
		F8FE716B25EDAA5D0071053D /* TradingController.swift */ = {isa = PBXFileReference; lastKnownFileType = sourcecode.swift; path = TradingController.swift; sourceTree = "<group>"; };
/* End PBXFileReference section */

/* Begin PBXFrameworksBuildPhase section */
		390DAF3325B707810056BFD5 /* Frameworks */ = {
			isa = PBXFrameworksBuildPhase;
			buildActionMask = 2147483647;
			files = (
				9310125BB7AF5E5751DA0CAB /* Pods_CryptoniteCev.framework in Frameworks */,
			);
			runOnlyForDeploymentPostprocessing = 0;
		};
		390DAF4925B707850056BFD5 /* Frameworks */ = {
			isa = PBXFrameworksBuildPhase;
			buildActionMask = 2147483647;
			files = (
			);
			runOnlyForDeploymentPostprocessing = 0;
		};
		390DAF5425B707850056BFD5 /* Frameworks */ = {
			isa = PBXFrameworksBuildPhase;
			buildActionMask = 2147483647;
			files = (
			);
			runOnlyForDeploymentPostprocessing = 0;
		};
/* End PBXFrameworksBuildPhase section */

/* Begin PBXGroup section */
		3225A07E08043E47C4F61A4F /* Frameworks */ = {
			isa = PBXGroup;
			children = (
				8EA570CCE42FD0970A1367C3 /* Pods_CryptoniteCev.framework */,
			);
			name = Frameworks;
			sourceTree = "<group>";
		};
		36D4D45D2AF03A60E494BFFD /* Pods */ = {
			isa = PBXGroup;
			children = (
				2C093780580469B7052A4061 /* Pods-CryptoniteCev.debug.xcconfig */,
				0828DEB589E277D14A826CA9 /* Pods-CryptoniteCev.release.xcconfig */,
			);
			path = Pods;
			sourceTree = "<group>";
		};
		390DAF2D25B707810056BFD5 = {
			isa = PBXGroup;
			children = (
				390DAF3825B707810056BFD5 /* CryptoniteCev */,
				390DAF3725B707810056BFD5 /* Products */,
				36D4D45D2AF03A60E494BFFD /* Pods */,
				3225A07E08043E47C4F61A4F /* Frameworks */,
			);
			sourceTree = "<group>";
		};
		390DAF3725B707810056BFD5 /* Products */ = {
			isa = PBXGroup;
			children = (
				390DAF3625B707810056BFD5 /* CryptoniteCev.app */,
				390DAF4C25B707850056BFD5 /* CryptoniteCevTests.xctest */,
				390DAF5725B707850056BFD5 /* CryptoniteCevUITests.xctest */,
			);
			name = Products;
			sourceTree = "<group>";
		};
		390DAF3825B707810056BFD5 /* CryptoniteCev */ = {
			isa = PBXGroup;
			children = (
				5393E88725B8D57400C647FD /* Services */,
				390DAF4725B707850056BFD5 /* Info.plist */,
				5393E88625B8BD7000C647FD /* SupportFiles */,
				5393E88325B8AE4300C647FD /* Constants */,
				5393E88225B8AE4200C647FD /* Controllers */,
				5393E88425B8AE4300C647FD /* Helpers */,
				5393E88125B8AE4200C647FD /* Views */,
				5393E88025B8AD9E00C647FD /* Models */,
			);
			path = CryptoniteCev;
			sourceTree = "<group>";
		};
		5393E88025B8AD9E00C647FD /* Models */ = {
			isa = PBXGroup;
			children = (
				531657F325B7975A0040417F /* Score.swift */,
				531657F125B797510040417F /* Wallet.swift */,
				531657EF25B7973F0040417F /* Coin.swift */,
				531657ED25B7972D0040417F /* Trade.swift */,
				531657EB25B7970B0040417F /* User.swift */,
				7F92F55B25E7C7A80095E15A /* UserPrueba.swift */,
				7F3C1BE925EE7991000C3B21 /* CoinsQuantities.swift */,
				53F194C725EEB3450096055F /* TradeHistory.swift */,
			);
			path = Models;
			sourceTree = "<group>";
		};
		5393E88125B8AE4200C647FD /* Views */ = {
			isa = PBXGroup;
			children = (
				390DAF3D25B707810056BFD5 /* LogInController.swift */,
				7F944AA825B9AF3D00A9854E /* MainScreenController.swift */,
				390DAF6F25B724720056BFD5 /* SignUpController.swift */,
				3966791F25B7606500334585 /* CompleteViewController.swift */,
				F8D0847125BDFE7900287C60 /* StoriesController.swift */,
				7F9A930325D15DBB0083F71D /* WalletViewController.swift */,
				F8FE716B25EDAA5D0071053D /* TradingController.swift */,
				5335BF5825F0368400E92F49 /* ViewControllerExtension.swift */,
			);
			path = Views;
			sourceTree = "<group>";
		};
		5393E88225B8AE4200C647FD /* Controllers */ = {
			isa = PBXGroup;
			children = (
				53C6C6B525EC091B00393C7A /* FieldValidations.swift */,
				53C6C6B625EC091B00393C7A /* StringExtension.swift */,
				53C6C6B725EC091B00393C7A /* UITextFieldExtension.swift */,
				53C6C6B325EC08CD00393C7A /* FieldsController.swift */,
				53E9E27225BA071D00B78B17 /* MainController.swift */,
			);
			path = Controllers;
			sourceTree = "<group>";
		};
		5393E88325B8AE4300C647FD /* Constants */ = {
			isa = PBXGroup;
			children = (
				53F194C525ED95200096055F /* Images.swift */,
				53C6C6BF25EC0DF900393C7A /* UserMessages.swift */,
				53C6C6BD25EC0D0300393C7A /* StatusCodes.swift */,
				53C6C6BB25EC0BB100393C7A /* Identifiers.swift */,
				5393E88A25B8EA8A00C647FD /* Endpoints.swift */,
				7F7411CC25BB08EF009D8D6C /* Keys.swift */,
				53C6C6B125EC04DD00393C7A /* ApiBodyNames.swift */,
				53F194C925EF02B60096055F /* Welcoming.swift */,
			);
			path = Constants;
			sourceTree = "<group>";
		};
		5393E88425B8AE4300C647FD /* Helpers */ = {
			isa = PBXGroup;
			children = (
				390DAF6925B70BAD0056BFD5 /* UnderlinedTextField.swift */,
				F8C139C425B9E27C008F92B6 /* CircleCell.swift */,
				7F987F9625C8261900BCD586 /* PieChart.swift */,
				7F61A29825C19610008AAD2F /* MainScreenControllerExtension.swift */,
				F815E22525C233EF00D65B6A /* CoinCell.swift */,
				0706463A25E58CF00054CE67 /* CoinCellMainController.swift */,
				7F92F55D25E7CA1B0095E15A /* UserCellMainController.swift */,
				07103E8A25E837E20092E36D /* ActivityRow.swift */,
				7F9B021C25EFAF9500AB91F0 /* TradesRow.swift */,
				3949CEED25ED813B00961DFA /* OtherUserCell.swift */,
				F8CCB74325F013DD00F50F7F /* CoinRowWalletController.swift */,
				7F9B021E25EFC89000AB91F0 /* TradeScreenTableViewExtension.swift */,
				3910BF0C25F158C5005D0C08 /* LineChart.swift */,
			);
			path = Helpers;
			sourceTree = "<group>";
		};
		5393E88625B8BD7000C647FD /* SupportFiles */ = {
			isa = PBXGroup;
			children = (
				390DAF3925B707810056BFD5 /* AppDelegate.swift */,
				390DAF3B25B707810056BFD5 /* SceneDelegate.swift */,
				390DAF4225B707850056BFD5 /* Assets.xcassets */,
				390DAF4425B707850056BFD5 /* LaunchScreen.storyboard */,
				390DAF3F25B707810056BFD5 /* Main.storyboard */,
			);
			path = SupportFiles;
			sourceTree = "<group>";
		};
		5393E88725B8D57400C647FD /* Services */ = {
			isa = PBXGroup;
			children = (
				5393E88825B8E94700C647FD /* Service.swift */,
			);
			path = Services;
			sourceTree = "<group>";
		};
/* End PBXGroup section */

/* Begin PBXNativeTarget section */
		390DAF3525B707810056BFD5 /* CryptoniteCev */ = {
			isa = PBXNativeTarget;
			buildConfigurationList = 390DAF6025B707850056BFD5 /* Build configuration list for PBXNativeTarget "CryptoniteCev" */;
			buildPhases = (
				DEA28CC366180420D0C620B2 /* [CP] Check Pods Manifest.lock */,
				390DAF3225B707810056BFD5 /* Sources */,
				390DAF3325B707810056BFD5 /* Frameworks */,
				390DAF3425B707810056BFD5 /* Resources */,
				B7DFC9B8A186E9138E001BFD /* [CP] Embed Pods Frameworks */,
			);
			buildRules = (
			);
			dependencies = (
			);
			name = CryptoniteCev;
			productName = CryptoniteCev;
			productReference = 390DAF3625B707810056BFD5 /* CryptoniteCev.app */;
			productType = "com.apple.product-type.application";
		};
		390DAF4B25B707850056BFD5 /* CryptoniteCevTests */ = {
			isa = PBXNativeTarget;
			buildConfigurationList = 390DAF6325B707850056BFD5 /* Build configuration list for PBXNativeTarget "CryptoniteCevTests" */;
			buildPhases = (
				390DAF4825B707850056BFD5 /* Sources */,
				390DAF4925B707850056BFD5 /* Frameworks */,
				390DAF4A25B707850056BFD5 /* Resources */,
			);
			buildRules = (
			);
			dependencies = (
				390DAF4E25B707850056BFD5 /* PBXTargetDependency */,
			);
			name = CryptoniteCevTests;
			productName = CryptoniteCevTests;
			productReference = 390DAF4C25B707850056BFD5 /* CryptoniteCevTests.xctest */;
			productType = "com.apple.product-type.bundle.unit-test";
		};
		390DAF5625B707850056BFD5 /* CryptoniteCevUITests */ = {
			isa = PBXNativeTarget;
			buildConfigurationList = 390DAF6625B707850056BFD5 /* Build configuration list for PBXNativeTarget "CryptoniteCevUITests" */;
			buildPhases = (
				390DAF5325B707850056BFD5 /* Sources */,
				390DAF5425B707850056BFD5 /* Frameworks */,
				390DAF5525B707850056BFD5 /* Resources */,
			);
			buildRules = (
			);
			dependencies = (
				390DAF5925B707850056BFD5 /* PBXTargetDependency */,
			);
			name = CryptoniteCevUITests;
			productName = CryptoniteCevUITests;
			productReference = 390DAF5725B707850056BFD5 /* CryptoniteCevUITests.xctest */;
			productType = "com.apple.product-type.bundle.ui-testing";
		};
/* End PBXNativeTarget section */

/* Begin PBXProject section */
		390DAF2E25B707810056BFD5 /* Project object */ = {
			isa = PBXProject;
			attributes = {
				LastSwiftUpdateCheck = 1170;
				LastUpgradeCheck = 1170;
				ORGANIZATIONNAME = user177257;
				TargetAttributes = {
					390DAF3525B707810056BFD5 = {
						CreatedOnToolsVersion = 11.7;
					};
					390DAF4B25B707850056BFD5 = {
						CreatedOnToolsVersion = 11.7;
						TestTargetID = 390DAF3525B707810056BFD5;
					};
					390DAF5625B707850056BFD5 = {
						CreatedOnToolsVersion = 11.7;
						TestTargetID = 390DAF3525B707810056BFD5;
					};
				};
			};
			buildConfigurationList = 390DAF3125B707810056BFD5 /* Build configuration list for PBXProject "CryptoniteCev" */;
			compatibilityVersion = "Xcode 9.3";
			developmentRegion = en;
			hasScannedForEncodings = 0;
			knownRegions = (
				en,
				Base,
			);
			mainGroup = 390DAF2D25B707810056BFD5;
			productRefGroup = 390DAF3725B707810056BFD5 /* Products */;
			projectDirPath = "";
			projectRoot = "";
			targets = (
				390DAF3525B707810056BFD5 /* CryptoniteCev */,
				390DAF4B25B707850056BFD5 /* CryptoniteCevTests */,
				390DAF5625B707850056BFD5 /* CryptoniteCevUITests */,
			);
		};
/* End PBXProject section */

/* Begin PBXResourcesBuildPhase section */
		390DAF3425B707810056BFD5 /* Resources */ = {
			isa = PBXResourcesBuildPhase;
			buildActionMask = 2147483647;
			files = (
				390DAF4625B707850056BFD5 /* LaunchScreen.storyboard in Resources */,
				390DAF4325B707850056BFD5 /* Assets.xcassets in Resources */,
				390DAF4125B707810056BFD5 /* Main.storyboard in Resources */,
			);
			runOnlyForDeploymentPostprocessing = 0;
		};
		390DAF4A25B707850056BFD5 /* Resources */ = {
			isa = PBXResourcesBuildPhase;
			buildActionMask = 2147483647;
			files = (
			);
			runOnlyForDeploymentPostprocessing = 0;
		};
		390DAF5525B707850056BFD5 /* Resources */ = {
			isa = PBXResourcesBuildPhase;
			buildActionMask = 2147483647;
			files = (
			);
			runOnlyForDeploymentPostprocessing = 0;
		};
/* End PBXResourcesBuildPhase section */

/* Begin PBXShellScriptBuildPhase section */
		B7DFC9B8A186E9138E001BFD /* [CP] Embed Pods Frameworks */ = {
			isa = PBXShellScriptBuildPhase;
			buildActionMask = 2147483647;
			files = (
			);
			inputFileListPaths = (
				"${PODS_ROOT}/Target Support Files/Pods-CryptoniteCev/Pods-CryptoniteCev-frameworks-${CONFIGURATION}-input-files.xcfilelist",
			);
			name = "[CP] Embed Pods Frameworks";
			outputFileListPaths = (
				"${PODS_ROOT}/Target Support Files/Pods-CryptoniteCev/Pods-CryptoniteCev-frameworks-${CONFIGURATION}-output-files.xcfilelist",
			);
			runOnlyForDeploymentPostprocessing = 0;
			shellPath = /bin/sh;
			shellScript = "\"${PODS_ROOT}/Target Support Files/Pods-CryptoniteCev/Pods-CryptoniteCev-frameworks.sh\"\n";
			showEnvVarsInLog = 0;
		};
		DEA28CC366180420D0C620B2 /* [CP] Check Pods Manifest.lock */ = {
			isa = PBXShellScriptBuildPhase;
			buildActionMask = 2147483647;
			files = (
			);
			inputFileListPaths = (
			);
			inputPaths = (
				"${PODS_PODFILE_DIR_PATH}/Podfile.lock",
				"${PODS_ROOT}/Manifest.lock",
			);
			name = "[CP] Check Pods Manifest.lock";
			outputFileListPaths = (
			);
			outputPaths = (
				"$(DERIVED_FILE_DIR)/Pods-CryptoniteCev-checkManifestLockResult.txt",
			);
			runOnlyForDeploymentPostprocessing = 0;
			shellPath = /bin/sh;
			shellScript = "diff \"${PODS_PODFILE_DIR_PATH}/Podfile.lock\" \"${PODS_ROOT}/Manifest.lock\" > /dev/null\nif [ $? != 0 ] ; then\n    # print error to STDERR\n    echo \"error: The sandbox is not in sync with the Podfile.lock. Run 'pod install' or update your CocoaPods installation.\" >&2\n    exit 1\nfi\n# This output is used by Xcode 'outputs' to avoid re-running this script phase.\necho \"SUCCESS\" > \"${SCRIPT_OUTPUT_FILE_0}\"\n";
			showEnvVarsInLog = 0;
		};
/* End PBXShellScriptBuildPhase section */

/* Begin PBXSourcesBuildPhase section */
		390DAF3225B707810056BFD5 /* Sources */ = {
			isa = PBXSourcesBuildPhase;
			buildActionMask = 2147483647;
			files = (
				F8CCB74425F013DD00F50F7F /* CoinRowWalletController.swift in Sources */,
				53C6C6B425EC08CD00393C7A /* FieldsController.swift in Sources */,
				531657F225B797510040417F /* Wallet.swift in Sources */,
				7F987F9725C8261900BCD586 /* PieChart.swift in Sources */,
				7F92F55C25E7C7A80095E15A /* UserPrueba.swift in Sources */,
				53C6C6B225EC04DD00393C7A /* ApiBodyNames.swift in Sources */,
				7F9A930425D15DBB0083F71D /* WalletViewController.swift in Sources */,
				7F9B021F25EFC89000AB91F0 /* TradeScreenTableViewExtension.swift in Sources */,
				07103E8B25E837E20092E36D /* ActivityRow.swift in Sources */,
				53F194CA25EF02B60096055F /* Welcoming.swift in Sources */,
				5393E88B25B8EA8A00C647FD /* Endpoints.swift in Sources */,
				531657F025B7973F0040417F /* Coin.swift in Sources */,
				53F194C625ED95200096055F /* Images.swift in Sources */,
				390DAF3E25B707810056BFD5 /* LogInController.swift in Sources */,
				7F7411CD25BB08EF009D8D6C /* Keys.swift in Sources */,
				7F3C1BEA25EE7991000C3B21 /* CoinsQuantities.swift in Sources */,
				53C6C6B825EC091B00393C7A /* FieldValidations.swift in Sources */,
				390DAF7025B724720056BFD5 /* SignUpController.swift in Sources */,
				7F9B021D25EFAF9500AB91F0 /* TradesRow.swift in Sources */,
				0706463B25E58CF00054CE67 /* CoinCellMainController.swift in Sources */,
				53C6C6BE25EC0D0300393C7A /* StatusCodes.swift in Sources */,
				F8D0847225BDFE7900287C60 /* StoriesController.swift in Sources */,
				5393E88925B8E94700C647FD /* Service.swift in Sources */,
				3949CEEE25ED813B00961DFA /* OtherUserCell.swift in Sources */,
				390DAF3A25B707810056BFD5 /* AppDelegate.swift in Sources */,
				390DAF3C25B707810056BFD5 /* SceneDelegate.swift in Sources */,
				390DAF6A25B70BAD0056BFD5 /* UnderlinedTextField.swift in Sources */,
				F8FE716C25EDAA5D0071053D /* TradingController.swift in Sources */,
				53F194C825EEB3450096055F /* TradeHistory.swift in Sources */,
				3910BF0D25F158C5005D0C08 /* LineChart.swift in Sources */,
				F8C139C525B9E27C008F92B6 /* CircleCell.swift in Sources */,
				53C6C6BA25EC091B00393C7A /* UITextFieldExtension.swift in Sources */,
				53C6C6BC25EC0BB100393C7A /* Identifiers.swift in Sources */,
				3966792025B7606500334585 /* CompleteViewController.swift in Sources */,
				7F944AA925B9AF3D00A9854E /* MainScreenController.swift in Sources */,
				531657EE25B7972D0040417F /* Trade.swift in Sources */,
				7F92F55E25E7CA1B0095E15A /* UserCellMainController.swift in Sources */,
				F815E22625C233EF00D65B6A /* CoinCell.swift in Sources */,
				53E9E27325BA071D00B78B17 /* MainController.swift in Sources */,
				53C6C6B925EC091B00393C7A /* StringExtension.swift in Sources */,
				53C6C6C025EC0DF900393C7A /* UserMessages.swift in Sources */,
				5335BF5925F0368400E92F49 /* ViewControllerExtension.swift in Sources */,
				531657F425B7975A0040417F /* Score.swift in Sources */,
				7F61A29925C19610008AAD2F /* MainScreenControllerExtension.swift in Sources */,
				531657EC25B7970B0040417F /* User.swift in Sources */,
			);
			runOnlyForDeploymentPostprocessing = 0;
		};
		390DAF4825B707850056BFD5 /* Sources */ = {
			isa = PBXSourcesBuildPhase;
			buildActionMask = 2147483647;
			files = (
			);
			runOnlyForDeploymentPostprocessing = 0;
		};
		390DAF5325B707850056BFD5 /* Sources */ = {
			isa = PBXSourcesBuildPhase;
			buildActionMask = 2147483647;
			files = (
			);
			runOnlyForDeploymentPostprocessing = 0;
		};
/* End PBXSourcesBuildPhase section */

/* Begin PBXTargetDependency section */
		390DAF4E25B707850056BFD5 /* PBXTargetDependency */ = {
			isa = PBXTargetDependency;
			target = 390DAF3525B707810056BFD5 /* CryptoniteCev */;
			targetProxy = 390DAF4D25B707850056BFD5 /* PBXContainerItemProxy */;
		};
		390DAF5925B707850056BFD5 /* PBXTargetDependency */ = {
			isa = PBXTargetDependency;
			target = 390DAF3525B707810056BFD5 /* CryptoniteCev */;
			targetProxy = 390DAF5825B707850056BFD5 /* PBXContainerItemProxy */;
		};
/* End PBXTargetDependency section */

/* Begin PBXVariantGroup section */
		390DAF3F25B707810056BFD5 /* Main.storyboard */ = {
			isa = PBXVariantGroup;
			children = (
				390DAF4025B707810056BFD5 /* Base */,
			);
			name = Main.storyboard;
			sourceTree = "<group>";
		};
		390DAF4425B707850056BFD5 /* LaunchScreen.storyboard */ = {
			isa = PBXVariantGroup;
			children = (
				390DAF4525B707850056BFD5 /* Base */,
			);
			name = LaunchScreen.storyboard;
			sourceTree = "<group>";
		};
/* End PBXVariantGroup section */

/* Begin XCBuildConfiguration section */
		390DAF5E25B707850056BFD5 /* Debug */ = {
			isa = XCBuildConfiguration;
			buildSettings = {
				ALWAYS_SEARCH_USER_PATHS = NO;
				CLANG_ANALYZER_NONNULL = YES;
				CLANG_ANALYZER_NUMBER_OBJECT_CONVERSION = YES_AGGRESSIVE;
				CLANG_CXX_LANGUAGE_STANDARD = "gnu++14";
				CLANG_CXX_LIBRARY = "libc++";
				CLANG_ENABLE_MODULES = YES;
				CLANG_ENABLE_OBJC_ARC = YES;
				CLANG_ENABLE_OBJC_WEAK = YES;
				CLANG_WARN_BLOCK_CAPTURE_AUTORELEASING = YES;
				CLANG_WARN_BOOL_CONVERSION = YES;
				CLANG_WARN_COMMA = YES;
				CLANG_WARN_CONSTANT_CONVERSION = YES;
				CLANG_WARN_DEPRECATED_OBJC_IMPLEMENTATIONS = YES;
				CLANG_WARN_DIRECT_OBJC_ISA_USAGE = YES_ERROR;
				CLANG_WARN_DOCUMENTATION_COMMENTS = YES;
				CLANG_WARN_EMPTY_BODY = YES;
				CLANG_WARN_ENUM_CONVERSION = YES;
				CLANG_WARN_INFINITE_RECURSION = YES;
				CLANG_WARN_INT_CONVERSION = YES;
				CLANG_WARN_NON_LITERAL_NULL_CONVERSION = YES;
				CLANG_WARN_OBJC_IMPLICIT_RETAIN_SELF = YES;
				CLANG_WARN_OBJC_LITERAL_CONVERSION = YES;
				CLANG_WARN_OBJC_ROOT_CLASS = YES_ERROR;
				CLANG_WARN_RANGE_LOOP_ANALYSIS = YES;
				CLANG_WARN_STRICT_PROTOTYPES = YES;
				CLANG_WARN_SUSPICIOUS_MOVE = YES;
				CLANG_WARN_UNGUARDED_AVAILABILITY = YES_AGGRESSIVE;
				CLANG_WARN_UNREACHABLE_CODE = YES;
				CLANG_WARN__DUPLICATE_METHOD_MATCH = YES;
				COPY_PHASE_STRIP = NO;
				DEBUG_INFORMATION_FORMAT = dwarf;
				ENABLE_STRICT_OBJC_MSGSEND = YES;
				ENABLE_TESTABILITY = YES;
				GCC_C_LANGUAGE_STANDARD = gnu11;
				GCC_DYNAMIC_NO_PIC = NO;
				GCC_NO_COMMON_BLOCKS = YES;
				GCC_OPTIMIZATION_LEVEL = 0;
				GCC_PREPROCESSOR_DEFINITIONS = (
					"DEBUG=1",
					"$(inherited)",
				);
				GCC_WARN_64_TO_32_BIT_CONVERSION = YES;
				GCC_WARN_ABOUT_RETURN_TYPE = YES_ERROR;
				GCC_WARN_UNDECLARED_SELECTOR = YES;
				GCC_WARN_UNINITIALIZED_AUTOS = YES_AGGRESSIVE;
				GCC_WARN_UNUSED_FUNCTION = YES;
				GCC_WARN_UNUSED_VARIABLE = YES;
				IPHONEOS_DEPLOYMENT_TARGET = 13.7;
				MTL_ENABLE_DEBUG_INFO = INCLUDE_SOURCE;
				MTL_FAST_MATH = YES;
				ONLY_ACTIVE_ARCH = YES;
				SDKROOT = iphoneos;
				SWIFT_ACTIVE_COMPILATION_CONDITIONS = DEBUG;
				SWIFT_OPTIMIZATION_LEVEL = "-Onone";
			};
			name = Debug;
		};
		390DAF5F25B707850056BFD5 /* Release */ = {
			isa = XCBuildConfiguration;
			buildSettings = {
				ALWAYS_SEARCH_USER_PATHS = NO;
				CLANG_ANALYZER_NONNULL = YES;
				CLANG_ANALYZER_NUMBER_OBJECT_CONVERSION = YES_AGGRESSIVE;
				CLANG_CXX_LANGUAGE_STANDARD = "gnu++14";
				CLANG_CXX_LIBRARY = "libc++";
				CLANG_ENABLE_MODULES = YES;
				CLANG_ENABLE_OBJC_ARC = YES;
				CLANG_ENABLE_OBJC_WEAK = YES;
				CLANG_WARN_BLOCK_CAPTURE_AUTORELEASING = YES;
				CLANG_WARN_BOOL_CONVERSION = YES;
				CLANG_WARN_COMMA = YES;
				CLANG_WARN_CONSTANT_CONVERSION = YES;
				CLANG_WARN_DEPRECATED_OBJC_IMPLEMENTATIONS = YES;
				CLANG_WARN_DIRECT_OBJC_ISA_USAGE = YES_ERROR;
				CLANG_WARN_DOCUMENTATION_COMMENTS = YES;
				CLANG_WARN_EMPTY_BODY = YES;
				CLANG_WARN_ENUM_CONVERSION = YES;
				CLANG_WARN_INFINITE_RECURSION = YES;
				CLANG_WARN_INT_CONVERSION = YES;
				CLANG_WARN_NON_LITERAL_NULL_CONVERSION = YES;
				CLANG_WARN_OBJC_IMPLICIT_RETAIN_SELF = YES;
				CLANG_WARN_OBJC_LITERAL_CONVERSION = YES;
				CLANG_WARN_OBJC_ROOT_CLASS = YES_ERROR;
				CLANG_WARN_RANGE_LOOP_ANALYSIS = YES;
				CLANG_WARN_STRICT_PROTOTYPES = YES;
				CLANG_WARN_SUSPICIOUS_MOVE = YES;
				CLANG_WARN_UNGUARDED_AVAILABILITY = YES_AGGRESSIVE;
				CLANG_WARN_UNREACHABLE_CODE = YES;
				CLANG_WARN__DUPLICATE_METHOD_MATCH = YES;
				COPY_PHASE_STRIP = NO;
				DEBUG_INFORMATION_FORMAT = "dwarf-with-dsym";
				ENABLE_NS_ASSERTIONS = NO;
				ENABLE_STRICT_OBJC_MSGSEND = YES;
				GCC_C_LANGUAGE_STANDARD = gnu11;
				GCC_NO_COMMON_BLOCKS = YES;
				GCC_WARN_64_TO_32_BIT_CONVERSION = YES;
				GCC_WARN_ABOUT_RETURN_TYPE = YES_ERROR;
				GCC_WARN_UNDECLARED_SELECTOR = YES;
				GCC_WARN_UNINITIALIZED_AUTOS = YES_AGGRESSIVE;
				GCC_WARN_UNUSED_FUNCTION = YES;
				GCC_WARN_UNUSED_VARIABLE = YES;
				IPHONEOS_DEPLOYMENT_TARGET = 13.7;
				MTL_ENABLE_DEBUG_INFO = NO;
				MTL_FAST_MATH = YES;
				SDKROOT = iphoneos;
				SWIFT_COMPILATION_MODE = wholemodule;
				SWIFT_OPTIMIZATION_LEVEL = "-O";
				VALIDATE_PRODUCT = YES;
			};
			name = Release;
		};
		390DAF6125B707850056BFD5 /* Debug */ = {
			isa = XCBuildConfiguration;
			baseConfigurationReference = 2C093780580469B7052A4061 /* Pods-CryptoniteCev.debug.xcconfig */;
			buildSettings = {
				ASSETCATALOG_COMPILER_APPICON_NAME = AppIcon;
				CODE_SIGN_STYLE = Automatic;
				DEVELOPMENT_TEAM = MP8R359Z9X;
				INFOPLIST_FILE = CryptoniteCev/Info.plist;
				LD_RUNPATH_SEARCH_PATHS = (
					"$(inherited)",
					"@executable_path/Frameworks",
				);
				PRODUCT_BUNDLE_IDENTIFIER = cev.CryptoniteCev;
				PRODUCT_NAME = "$(TARGET_NAME)";
				SWIFT_VERSION = 5.0;
				TARGETED_DEVICE_FAMILY = "1,2";
			};
			name = Debug;
		};
		390DAF6225B707850056BFD5 /* Release */ = {
			isa = XCBuildConfiguration;
			baseConfigurationReference = 0828DEB589E277D14A826CA9 /* Pods-CryptoniteCev.release.xcconfig */;
			buildSettings = {
				ASSETCATALOG_COMPILER_APPICON_NAME = AppIcon;
				CODE_SIGN_STYLE = Automatic;
				DEVELOPMENT_TEAM = MP8R359Z9X;
				INFOPLIST_FILE = CryptoniteCev/Info.plist;
				LD_RUNPATH_SEARCH_PATHS = (
					"$(inherited)",
					"@executable_path/Frameworks",
				);
				PRODUCT_BUNDLE_IDENTIFIER = cev.CryptoniteCev;
				PRODUCT_NAME = "$(TARGET_NAME)";
				SWIFT_VERSION = 5.0;
				TARGETED_DEVICE_FAMILY = "1,2";
			};
			name = Release;
		};
		390DAF6425B707850056BFD5 /* Debug */ = {
			isa = XCBuildConfiguration;
			buildSettings = {
				ALWAYS_EMBED_SWIFT_STANDARD_LIBRARIES = YES;
				BUNDLE_LOADER = "$(TEST_HOST)";
				CODE_SIGN_STYLE = Automatic;
				INFOPLIST_FILE = CryptoniteCevTests/Info.plist;
				IPHONEOS_DEPLOYMENT_TARGET = 13.7;
				LD_RUNPATH_SEARCH_PATHS = (
					"$(inherited)",
					"@executable_path/Frameworks",
					"@loader_path/Frameworks",
				);
				PRODUCT_BUNDLE_IDENTIFIER = cev.CryptoniteCevTests;
				PRODUCT_NAME = "$(TARGET_NAME)";
				SWIFT_VERSION = 5.0;
				TARGETED_DEVICE_FAMILY = "1,2";
				TEST_HOST = "$(BUILT_PRODUCTS_DIR)/CryptoniteCev.app/CryptoniteCev";
			};
			name = Debug;
		};
		390DAF6525B707850056BFD5 /* Release */ = {
			isa = XCBuildConfiguration;
			buildSettings = {
				ALWAYS_EMBED_SWIFT_STANDARD_LIBRARIES = YES;
				BUNDLE_LOADER = "$(TEST_HOST)";
				CODE_SIGN_STYLE = Automatic;
				INFOPLIST_FILE = CryptoniteCevTests/Info.plist;
				IPHONEOS_DEPLOYMENT_TARGET = 13.7;
				LD_RUNPATH_SEARCH_PATHS = (
					"$(inherited)",
					"@executable_path/Frameworks",
					"@loader_path/Frameworks",
				);
				PRODUCT_BUNDLE_IDENTIFIER = cev.CryptoniteCevTests;
				PRODUCT_NAME = "$(TARGET_NAME)";
				SWIFT_VERSION = 5.0;
				TARGETED_DEVICE_FAMILY = "1,2";
				TEST_HOST = "$(BUILT_PRODUCTS_DIR)/CryptoniteCev.app/CryptoniteCev";
			};
			name = Release;
		};
		390DAF6725B707850056BFD5 /* Debug */ = {
			isa = XCBuildConfiguration;
			buildSettings = {
				ALWAYS_EMBED_SWIFT_STANDARD_LIBRARIES = YES;
				CODE_SIGN_STYLE = Automatic;
				INFOPLIST_FILE = CryptoniteCevUITests/Info.plist;
				LD_RUNPATH_SEARCH_PATHS = (
					"$(inherited)",
					"@executable_path/Frameworks",
					"@loader_path/Frameworks",
				);
				PRODUCT_BUNDLE_IDENTIFIER = cev.CryptoniteCevUITests;
				PRODUCT_NAME = "$(TARGET_NAME)";
				SWIFT_VERSION = 5.0;
				TARGETED_DEVICE_FAMILY = "1,2";
				TEST_TARGET_NAME = CryptoniteCev;
			};
			name = Debug;
		};
		390DAF6825B707850056BFD5 /* Release */ = {
			isa = XCBuildConfiguration;
			buildSettings = {
				ALWAYS_EMBED_SWIFT_STANDARD_LIBRARIES = YES;
				CODE_SIGN_STYLE = Automatic;
				INFOPLIST_FILE = CryptoniteCevUITests/Info.plist;
				LD_RUNPATH_SEARCH_PATHS = (
					"$(inherited)",
					"@executable_path/Frameworks",
					"@loader_path/Frameworks",
				);
				PRODUCT_BUNDLE_IDENTIFIER = cev.CryptoniteCevUITests;
				PRODUCT_NAME = "$(TARGET_NAME)";
				SWIFT_VERSION = 5.0;
				TARGETED_DEVICE_FAMILY = "1,2";
				TEST_TARGET_NAME = CryptoniteCev;
			};
			name = Release;
		};
/* End XCBuildConfiguration section */

/* Begin XCConfigurationList section */
		390DAF3125B707810056BFD5 /* Build configuration list for PBXProject "CryptoniteCev" */ = {
			isa = XCConfigurationList;
			buildConfigurations = (
				390DAF5E25B707850056BFD5 /* Debug */,
				390DAF5F25B707850056BFD5 /* Release */,
			);
			defaultConfigurationIsVisible = 0;
			defaultConfigurationName = Release;
		};
		390DAF6025B707850056BFD5 /* Build configuration list for PBXNativeTarget "CryptoniteCev" */ = {
			isa = XCConfigurationList;
			buildConfigurations = (
				390DAF6125B707850056BFD5 /* Debug */,
				390DAF6225B707850056BFD5 /* Release */,
			);
			defaultConfigurationIsVisible = 0;
			defaultConfigurationName = Release;
		};
		390DAF6325B707850056BFD5 /* Build configuration list for PBXNativeTarget "CryptoniteCevTests" */ = {
			isa = XCConfigurationList;
			buildConfigurations = (
				390DAF6425B707850056BFD5 /* Debug */,
				390DAF6525B707850056BFD5 /* Release */,
			);
			defaultConfigurationIsVisible = 0;
			defaultConfigurationName = Release;
		};
		390DAF6625B707850056BFD5 /* Build configuration list for PBXNativeTarget "CryptoniteCevUITests" */ = {
			isa = XCConfigurationList;
			buildConfigurations = (
				390DAF6725B707850056BFD5 /* Debug */,
				390DAF6825B707850056BFD5 /* Release */,
			);
			defaultConfigurationIsVisible = 0;
			defaultConfigurationName = Release;
		};
/* End XCConfigurationList section */
	};
	rootObject = 390DAF2E25B707810056BFD5 /* Project object */;
}
